{
  "pins" : [
    {
      "identity" : "package-swift-collections",
      "kind" : "remoteSourceControl",
      "location" : "https://github.com/ordo-one/package-swift-collections",
      "state" : {
        "revision" : "73c0538ccffa41d3323b37fd797b6faa2247e0aa",
        "version" : "1.1.3-ordoalpha.1"
      }
    },
    {
      "identity" : "swift-foundation",
      "kind" : "remoteSourceControl",
      "location" : "https://github.com/ordo-one/swift-foundation",
      "state" : {
        "revision" : "8f02d74c048959e3022ac0a0f6a412592c62b316",
        "version" : "0.0.13"
      }
    },
    {
      "identity" : "swift-foundation-icu",
      "kind" : "remoteSourceControl",
      "location" : "https://github.com/ordo-one/swift-foundation-icu",
      "state" : {
        "revision" : "0c1de7149a39a9ff82d4db66234dec587b30a3ad",
        "version" : "0.0.3-ordoalpha.1"
      }
    },
    {
      "identity" : "swift-syntax",
      "kind" : "remoteSourceControl",
      "location" : "https://github.com/apple/swift-syntax.git",
      "state" : {
        "revision" : "ffa3cd6fc2aa62adbedd31d3efaf7c0d86a9f029",
        "version" : "509.0.1"
      }
    }
  ],
  "version" : 2
}
