// !$*UTF8*$!
{
	archiveVersion = 1;
	classes = {
	};
	objectVersion = 56;
	objects = {

/* Begin PBXBuildFile section */
		083F8C9F2B07A65A006048E9 /* BinaryTreeUIApp.swift in Sources */ = {isa = PBXBuildFile; fileRef = 083F8C9E2B07A65A006048E9 /* BinaryTreeUIApp.swift */; };
		083F8CA12B07A65A006048E9 /* ContentView.swift in Sources */ = {isa = PBXBuildFile; fileRef = 083F8CA02B07A65A006048E9 /* ContentView.swift */; };
		083F8CA32B07A65B006048E9 /* Assets.xcassets in Resources */ = {isa = PBXBuildFile; fileRef = 083F8CA22B07A65B006048E9 /* Assets.xcassets */; };
		083F8CA62B07A65B006048E9 /* Preview Assets.xcassets in Resources */ = {isa = PBXBuildFile; fileRef = 083F8CA52B07A65B006048E9 /* Preview Assets.xcassets */; };
		086F74742B1A07CF00EE2DFB /* BinaryTreeUITests.swift in Sources */ = {isa = PBXBuildFile; fileRef = 086F74732B1A07CF00EE2DFB /* BinaryTreeUITests.swift */; };
		08FBE7002B0C9DBD00E9AE7A /* PluginSupport.framework in Frameworks */ = {isa = PBXBuildFile; fileRef = 08FBE6FA2B0C9DBD00E9AE7A /* PluginSupport.framework */; };
		08FBE7012B0C9DBD00E9AE7A /* PluginSupport.framework in Embed Frameworks */ = {isa = PBXBuildFile; fileRef = 08FBE6FA2B0C9DBD00E9AE7A /* PluginSupport.framework */; settings = {ATTRIBUTES = (CodeSignOnCopy, RemoveHeadersOnCopy, ); }; };
		08FBE7052B0C9DCA00E9AE7A /* BinaryTreeCalc.swift in Sources */ = {isa = PBXBuildFile; fileRef = 08FBE69B2B0C950600E9AE7A /* BinaryTreeCalc.swift */; };
		08FBE70B2B0C9E3900E9AE7A /* libzstd in Frameworks */ = {isa = PBXBuildFile; productRef = 08FBE70A2B0C9E3900E9AE7A /* libzstd */; };
		08FBE70E2B0CA40E00E9AE7A /* Frostflake in Frameworks */ = {isa = PBXBuildFile; productRef = 08FBE70D2B0CA40E00E9AE7A /* Frostflake */; };
/* End PBXBuildFile section */

/* Begin PBXContainerItemProxy section */
		086F74752B1A07CF00EE2DFB /* PBXContainerItemProxy */ = {
			isa = PBXContainerItemProxy;
			containerPortal = 083F8C932B07A65A006048E9 /* Project object */;
			proxyType = 1;
			remoteGlobalIDString = 083F8C9A2B07A65A006048E9;
			remoteInfo = BinaryTreeUI;
		};
		08FBE6FE2B0C9DBD00E9AE7A /* PBXContainerItemProxy */ = {
			isa = PBXContainerItemProxy;
			containerPortal = 083F8C932B07A65A006048E9 /* Project object */;
			proxyType = 1;
			remoteGlobalIDString = 08FBE6F92B0C9DBD00E9AE7A;
			remoteInfo = PluginSupport;
		};
/* End PBXContainerItemProxy section */

/* Begin PBXCopyFilesBuildPhase section */
		08FBE6C12B0C9CEA00E9AE7A /* Embed Frameworks */ = {
			isa = PBXCopyFilesBuildPhase;
			buildActionMask = 2147483647;
			dstPath = "";
			dstSubfolderSpec = 10;
			files = (
				08FBE7012B0C9DBD00E9AE7A /* PluginSupport.framework in Embed Frameworks */,
			);
			name = "Embed Frameworks";
			runOnlyForDeploymentPostprocessing = 0;
		};
/* End PBXCopyFilesBuildPhase section */

/* Begin PBXFileReference section */
		083F8C9B2B07A65A006048E9 /* BinaryTreeUI.app */ = {isa = PBXFileReference; explicitFileType = wrapper.application; includeInIndex = 0; path = BinaryTreeUI.app; sourceTree = BUILT_PRODUCTS_DIR; };
		083F8C9E2B07A65A006048E9 /* BinaryTreeUIApp.swift */ = {isa = PBXFileReference; lastKnownFileType = sourcecode.swift; path = BinaryTreeUIApp.swift; sourceTree = "<group>"; };
		083F8CA02B07A65A006048E9 /* ContentView.swift */ = {isa = PBXFileReference; lastKnownFileType = sourcecode.swift; path = ContentView.swift; sourceTree = "<group>"; };
		083F8CA22B07A65B006048E9 /* Assets.xcassets */ = {isa = PBXFileReference; lastKnownFileType = folder.assetcatalog; path = Assets.xcassets; sourceTree = "<group>"; };
		083F8CA52B07A65B006048E9 /* Preview Assets.xcassets */ = {isa = PBXFileReference; lastKnownFileType = folder.assetcatalog; path = "Preview Assets.xcassets"; sourceTree = "<group>"; };
		083F8CA72B07A65B006048E9 /* BinaryTreeUI.entitlements */ = {isa = PBXFileReference; lastKnownFileType = text.plist.entitlements; path = BinaryTreeUI.entitlements; sourceTree = "<group>"; };
		086F746C2B1A036200EE2DFB /* BinaryTreeUI.xctestplan */ = {isa = PBXFileReference; lastKnownFileType = text; path = BinaryTreeUI.xctestplan; sourceTree = "<group>"; };
		086F74712B1A07CF00EE2DFB /* BinaryTreeUITests.xctest */ = {isa = PBXFileReference; explicitFileType = wrapper.cfbundle; includeInIndex = 0; path = BinaryTreeUITests.xctest; sourceTree = BUILT_PRODUCTS_DIR; };
		086F74732B1A07CF00EE2DFB /* BinaryTreeUITests.swift */ = {isa = PBXFileReference; lastKnownFileType = sourcecode.swift; path = BinaryTreeUITests.swift; sourceTree = "<group>"; };
		08FBE69B2B0C950600E9AE7A /* BinaryTreeCalc.swift */ = {isa = PBXFileReference; lastKnownFileType = sourcecode.swift; path = BinaryTreeCalc.swift; sourceTree = "<group>"; };
		08FBE6FA2B0C9DBD00E9AE7A /* PluginSupport.framework */ = {isa = PBXFileReference; explicitFileType = wrapper.framework; includeInIndex = 0; path = PluginSupport.framework; sourceTree = BUILT_PRODUCTS_DIR; };
/* End PBXFileReference section */

/* Begin PBXFrameworksBuildPhase section */
		083F8C982B07A65A006048E9 /* Frameworks */ = {
			isa = PBXFrameworksBuildPhase;
			buildActionMask = 2147483647;
			files = (
				08FBE7002B0C9DBD00E9AE7A /* PluginSupport.framework in Frameworks */,
				08FBE70B2B0C9E3900E9AE7A /* libzstd in Frameworks */,
				08FBE70E2B0CA40E00E9AE7A /* Frostflake in Frameworks */,
			);
			runOnlyForDeploymentPostprocessing = 0;
		};
		086F746E2B1A07CF00EE2DFB /* Frameworks */ = {
			isa = PBXFrameworksBuildPhase;
			buildActionMask = 2147483647;
			files = (
			);
			runOnlyForDeploymentPostprocessing = 0;
		};
		08FBE6F72B0C9DBD00E9AE7A /* Frameworks */ = {
			isa = PBXFrameworksBuildPhase;
			buildActionMask = 2147483647;
			files = (
			);
			runOnlyForDeploymentPostprocessing = 0;
		};
/* End PBXFrameworksBuildPhase section */

/* Begin PBXGroup section */
		083F8C922B07A65A006048E9 = {
			isa = PBXGroup;
			children = (
				086F746C2B1A036200EE2DFB /* BinaryTreeUI.xctestplan */,
				083F8C9D2B07A65A006048E9 /* BinaryTreeUI */,
				08FBE6FB2B0C9DBD00E9AE7A /* PluginSupport */,
				086F74722B1A07CF00EE2DFB /* BinaryTreeUITests */,
				083F8C9C2B07A65A006048E9 /* Products */,
			);
			sourceTree = "<group>";
		};
		083F8C9C2B07A65A006048E9 /* Products */ = {
			isa = PBXGroup;
			children = (
				083F8C9B2B07A65A006048E9 /* BinaryTreeUI.app */,
				08FBE6FA2B0C9DBD00E9AE7A /* PluginSupport.framework */,
				086F74712B1A07CF00EE2DFB /* BinaryTreeUITests.xctest */,
			);
			name = Products;
			sourceTree = "<group>";
		};
		083F8C9D2B07A65A006048E9 /* BinaryTreeUI */ = {
			isa = PBXGroup;
			children = (
				083F8C9E2B07A65A006048E9 /* BinaryTreeUIApp.swift */,
				083F8CA02B07A65A006048E9 /* ContentView.swift */,
				083F8CA22B07A65B006048E9 /* Assets.xcassets */,
				083F8CA72B07A65B006048E9 /* BinaryTreeUI.entitlements */,
				083F8CA42B07A65B006048E9 /* Preview Content */,
			);
			path = BinaryTreeUI;
			sourceTree = "<group>";
		};
		083F8CA42B07A65B006048E9 /* Preview Content */ = {
			isa = PBXGroup;
			children = (
				083F8CA52B07A65B006048E9 /* Preview Assets.xcassets */,
			);
			path = "Preview Content";
			sourceTree = "<group>";
		};
		086F74722B1A07CF00EE2DFB /* BinaryTreeUITests */ = {
			isa = PBXGroup;
			children = (
				086F74732B1A07CF00EE2DFB /* BinaryTreeUITests.swift */,
			);
			path = BinaryTreeUITests;
			sourceTree = "<group>";
		};
		08FBE6FB2B0C9DBD00E9AE7A /* PluginSupport */ = {
			isa = PBXGroup;
			children = (
				08FBE7062B0C9DD900E9AE7A /* Sources */,
			);
			path = PluginSupport;
			sourceTree = "<group>";
		};
		08FBE7062B0C9DD900E9AE7A /* Sources */ = {
			isa = PBXGroup;
			children = (
				08FBE69B2B0C950600E9AE7A /* BinaryTreeCalc.swift */,
			);
			path = Sources;
			sourceTree = "<group>";
		};
/* End PBXGroup section */

/* Begin PBXHeadersBuildPhase section */
		08FBE6F52B0C9DBD00E9AE7A /* Headers */ = {
			isa = PBXHeadersBuildPhase;
			buildActionMask = 2147483647;
			files = (
			);
			runOnlyForDeploymentPostprocessing = 0;
		};
/* End PBXHeadersBuildPhase section */

/* Begin PBXNativeTarget section */
		083F8C9A2B07A65A006048E9 /* BinaryTreeUI */ = {
			isa = PBXNativeTarget;
			buildConfigurationList = 083F8CAA2B07A65B006048E9 /* Build configuration list for PBXNativeTarget "BinaryTreeUI" */;
			buildPhases = (
				083F8C972B07A65A006048E9 /* Sources */,
				083F8C982B07A65A006048E9 /* Frameworks */,
				083F8C992B07A65A006048E9 /* Resources */,
				08FBE6C12B0C9CEA00E9AE7A /* Embed Frameworks */,
			);
			buildRules = (
			);
			dependencies = (
				08FBE6FF2B0C9DBD00E9AE7A /* PBXTargetDependency */,
			);
			name = BinaryTreeUI;
			packageProductDependencies = (
				08FBE70A2B0C9E3900E9AE7A /* libzstd */,
				08FBE70D2B0CA40E00E9AE7A /* Frostflake */,
			);
			productName = BinaryTreeUI;
			productReference = 083F8C9B2B07A65A006048E9 /* BinaryTreeUI.app */;
			productType = "com.apple.product-type.application";
		};
		086F74702B1A07CF00EE2DFB /* BinaryTreeUITests */ = {
			isa = PBXNativeTarget;
			buildConfigurationList = 086F74772B1A07CF00EE2DFB /* Build configuration list for PBXNativeTarget "BinaryTreeUITests" */;
			buildPhases = (
				086F746D2B1A07CF00EE2DFB /* Sources */,
				086F746E2B1A07CF00EE2DFB /* Frameworks */,
				086F746F2B1A07CF00EE2DFB /* Resources */,
			);
			buildRules = (
			);
			dependencies = (
				086F74762B1A07CF00EE2DFB /* PBXTargetDependency */,
			);
			name = BinaryTreeUITests;
			productName = BinaryTreeUITests;
			productReference = 086F74712B1A07CF00EE2DFB /* BinaryTreeUITests.xctest */;
			productType = "com.apple.product-type.bundle.unit-test";
		};
		08FBE6F92B0C9DBD00E9AE7A /* PluginSupport */ = {
			isa = PBXNativeTarget;
			buildConfigurationList = 08FBE7022B0C9DBD00E9AE7A /* Build configuration list for PBXNativeTarget "PluginSupport" */;
			buildPhases = (
				08FBE6F52B0C9DBD00E9AE7A /* Headers */,
				08FBE6F62B0C9DBD00E9AE7A /* Sources */,
				08FBE6F72B0C9DBD00E9AE7A /* Frameworks */,
				08FBE6F82B0C9DBD00E9AE7A /* Resources */,
			);
			buildRules = (
			);
			dependencies = (
			);
			name = PluginSupport;
			productName = PluginSupport;
			productReference = 08FBE6FA2B0C9DBD00E9AE7A /* PluginSupport.framework */;
			productType = "com.apple.product-type.framework";
		};
/* End PBXNativeTarget section */

/* Begin PBXProject section */
		083F8C932B07A65A006048E9 /* Project object */ = {
			isa = PBXProject;
			attributes = {
				BuildIndependentTargetsInParallel = 1;
				LastSwiftUpdateCheck = 1500;
				LastUpgradeCheck = 1500;
				TargetAttributes = {
					083F8C9A2B07A65A006048E9 = {
						CreatedOnToolsVersion = 15.0;
					};
					086F74702B1A07CF00EE2DFB = {
						CreatedOnToolsVersion = 15.0;
						TestTargetID = 083F8C9A2B07A65A006048E9;
					};
					08FBE6F92B0C9DBD00E9AE7A = {
						CreatedOnToolsVersion = 15.0;
					};
				};
			};
			buildConfigurationList = 083F8C962B07A65A006048E9 /* Build configuration list for PBXProject "BinaryTreeUI" */;
			compatibilityVersion = "Xcode 14.0";
			developmentRegion = en;
			hasScannedForEncodings = 0;
			knownRegions = (
				en,
				Base,
			);
			mainGroup = 083F8C922B07A65A006048E9;
			packageReferences = (
				08FBE7092B0C9E3900E9AE7A /* XCRemoteSwiftPackageReference "zstd" */,
				08FBE70C2B0CA40E00E9AE7A /* XCRemoteSwiftPackageReference "package-frostflake" */,
			);
			productRefGroup = 083F8C9C2B07A65A006048E9 /* Products */;
			projectDirPath = "";
			projectRoot = "";
			targets = (
				083F8C9A2B07A65A006048E9 /* BinaryTreeUI */,
				08FBE6F92B0C9DBD00E9AE7A /* PluginSupport */,
				086F74702B1A07CF00EE2DFB /* BinaryTreeUITests */,
			);
		};
/* End PBXProject section */

/* Begin PBXResourcesBuildPhase section */
		083F8C992B07A65A006048E9 /* Resources */ = {
			isa = PBXResourcesBuildPhase;
			buildActionMask = 2147483647;
			files = (
				083F8CA62B07A65B006048E9 /* Preview Assets.xcassets in Resources */,
				083F8CA32B07A65B006048E9 /* Assets.xcassets in Resources */,
			);
			runOnlyForDeploymentPostprocessing = 0;
		};
		086F746F2B1A07CF00EE2DFB /* Resources */ = {
			isa = PBXResourcesBuildPhase;
			buildActionMask = 2147483647;
			files = (
			);
			runOnlyForDeploymentPostprocessing = 0;
		};
		08FBE6F82B0C9DBD00E9AE7A /* Resources */ = {
			isa = PBXResourcesBuildPhase;
			buildActionMask = 2147483647;
			files = (
			);
			runOnlyForDeploymentPostprocessing = 0;
		};
/* End PBXResourcesBuildPhase section */

/* Begin PBXSourcesBuildPhase section */
		083F8C972B07A65A006048E9 /* Sources */ = {
			isa = PBXSourcesBuildPhase;
			buildActionMask = 2147483647;
			files = (
				083F8CA12B07A65A006048E9 /* ContentView.swift in Sources */,
				083F8C9F2B07A65A006048E9 /* BinaryTreeUIApp.swift in Sources */,
			);
			runOnlyForDeploymentPostprocessing = 0;
		};
		086F746D2B1A07CF00EE2DFB /* Sources */ = {
			isa = PBXSourcesBuildPhase;
			buildActionMask = 2147483647;
			files = (
				086F74742B1A07CF00EE2DFB /* BinaryTreeUITests.swift in Sources */,
			);
			runOnlyForDeploymentPostprocessing = 0;
		};
		08FBE6F62B0C9DBD00E9AE7A /* Sources */ = {
			isa = PBXSourcesBuildPhase;
			buildActionMask = 2147483647;
			files = (
				08FBE7052B0C9DCA00E9AE7A /* BinaryTreeCalc.swift in Sources */,
			);
			runOnlyForDeploymentPostprocessing = 0;
		};
/* End PBXSourcesBuildPhase section */

/* Begin PBXTargetDependency section */
		086F74762B1A07CF00EE2DFB /* PBXTargetDependency */ = {
			isa = PBXTargetDependency;
			target = 083F8C9A2B07A65A006048E9 /* BinaryTreeUI */;
			targetProxy = 086F74752B1A07CF00EE2DFB /* PBXContainerItemProxy */;
		};
		08FBE6FF2B0C9DBD00E9AE7A /* PBXTargetDependency */ = {
			isa = PBXTargetDependency;
			target = 08FBE6F92B0C9DBD00E9AE7A /* PluginSupport */;
			targetProxy = 08FBE6FE2B0C9DBD00E9AE7A /* PBXContainerItemProxy */;
		};
/* End PBXTargetDependency section */

/* Begin XCBuildConfiguration section */
		083F8CA82B07A65B006048E9 /* Debug */ = {
			isa = XCBuildConfiguration;
			buildSettings = {
				ALWAYS_SEARCH_USER_PATHS = NO;
				ASSETCATALOG_COMPILER_GENERATE_SWIFT_ASSET_SYMBOL_EXTENSIONS = YES;
				CLANG_ANALYZER_NONNULL = YES;
				CLANG_ANALYZER_NUMBER_OBJECT_CONVERSION = YES_AGGRESSIVE;
				CLANG_CXX_LANGUAGE_STANDARD = "gnu++20";
				CLANG_ENABLE_MODULES = YES;
				CLANG_ENABLE_OBJC_ARC = YES;
				CLANG_ENABLE_OBJC_WEAK = YES;
				CLANG_WARN_BLOCK_CAPTURE_AUTORELEASING = YES;
				CLANG_WARN_BOOL_CONVERSION = YES;
				CLANG_WARN_COMMA = YES;
				CLANG_WARN_CONSTANT_CONVERSION = YES;
				CLANG_WARN_DEPRECATED_OBJC_IMPLEMENTATIONS = YES;
				CLANG_WARN_DIRECT_OBJC_ISA_USAGE = YES_ERROR;
				CLANG_WARN_DOCUMENTATION_COMMENTS = YES;
				CLANG_WARN_EMPTY_BODY = YES;
				CLANG_WARN_ENUM_CONVERSION = YES;
				CLANG_WARN_INFINITE_RECURSION = YES;
				CLANG_WARN_INT_CONVERSION = YES;
				CLANG_WARN_NON_LITERAL_NULL_CONVERSION = YES;
				CLANG_WARN_OBJC_IMPLICIT_RETAIN_SELF = YES;
				CLANG_WARN_OBJC_LITERAL_CONVERSION = YES;
				CLANG_WARN_OBJC_ROOT_CLASS = YES_ERROR;
				CLANG_WARN_QUOTED_INCLUDE_IN_FRAMEWORK_HEADER = YES;
				CLANG_WARN_RANGE_LOOP_ANALYSIS = YES;
				CLANG_WARN_STRICT_PROTOTYPES = YES;
				CLANG_WARN_SUSPICIOUS_MOVE = YES;
				CLANG_WARN_UNGUARDED_AVAILABILITY = YES_AGGRESSIVE;
				CLANG_WARN_UNREACHABLE_CODE = YES;
				CLANG_WARN__DUPLICATE_METHOD_MATCH = YES;
				COPY_PHASE_STRIP = NO;
				DEAD_CODE_STRIPPING = YES;
				DEBUG_INFORMATION_FORMAT = dwarf;
				ENABLE_APP_SANDBOX = NO;
				ENABLE_STRICT_OBJC_MSGSEND = YES;
				ENABLE_TESTABILITY = YES;
				ENABLE_USER_SCRIPT_SANDBOXING = NO;
				GCC_C_LANGUAGE_STANDARD = gnu11;
				GCC_DYNAMIC_NO_PIC = NO;
				GCC_NO_COMMON_BLOCKS = YES;
				GCC_OPTIMIZATION_LEVEL = 0;
				GCC_PREPROCESSOR_DEFINITIONS = (
					"DEBUG=1",
					"$(inherited)",
				);
				GCC_WARN_64_TO_32_BIT_CONVERSION = YES;
				GCC_WARN_ABOUT_RETURN_TYPE = YES_ERROR;
				GCC_WARN_UNDECLARED_SELECTOR = YES;
				GCC_WARN_UNINITIALIZED_AUTOS = YES_AGGRESSIVE;
				GCC_WARN_UNUSED_FUNCTION = YES;
				GCC_WARN_UNUSED_VARIABLE = YES;
				IPHONEOS_DEPLOYMENT_TARGET = 17.0;
				LOCALIZATION_PREFERS_STRING_CATALOGS = YES;
				MACOSX_DEPLOYMENT_TARGET = 14.0;
				MTL_ENABLE_DEBUG_INFO = INCLUDE_SOURCE;
				MTL_FAST_MATH = YES;
				ONLY_ACTIVE_ARCH = YES;
				OTHER_SWIFT_FLAGS = "";
				SDKROOT = macosx;
				SWIFT_ACTIVE_COMPILATION_CONDITIONS = "DEBUG $(inherited) DEBUG_ORDO_BUILDING_IN_XCODE";
				SWIFT_OPTIMIZATION_LEVEL = "-Onone";
			};
			name = Debug;
		};
		083F8CA92B07A65B006048E9 /* Release */ = {
			isa = XCBuildConfiguration;
			buildSettings = {
				ALWAYS_SEARCH_USER_PATHS = NO;
				ASSETCATALOG_COMPILER_GENERATE_SWIFT_ASSET_SYMBOL_EXTENSIONS = YES;
				CLANG_ANALYZER_NONNULL = YES;
				CLANG_ANALYZER_NUMBER_OBJECT_CONVERSION = YES_AGGRESSIVE;
				CLANG_CXX_LANGUAGE_STANDARD = "gnu++20";
				CLANG_ENABLE_MODULES = YES;
				CLANG_ENABLE_OBJC_ARC = YES;
				CLANG_ENABLE_OBJC_WEAK = YES;
				CLANG_WARN_BLOCK_CAPTURE_AUTORELEASING = YES;
				CLANG_WARN_BOOL_CONVERSION = YES;
				CLANG_WARN_COMMA = YES;
				CLANG_WARN_CONSTANT_CONVERSION = YES;
				CLANG_WARN_DEPRECATED_OBJC_IMPLEMENTATIONS = YES;
				CLANG_WARN_DIRECT_OBJC_ISA_USAGE = YES_ERROR;
				CLANG_WARN_DOCUMENTATION_COMMENTS = YES;
				CLANG_WARN_EMPTY_BODY = YES;
				CLANG_WARN_ENUM_CONVERSION = YES;
				CLANG_WARN_INFINITE_RECURSION = YES;
				CLANG_WARN_INT_CONVERSION = YES;
				CLANG_WARN_NON_LITERAL_NULL_CONVERSION = YES;
				CLANG_WARN_OBJC_IMPLICIT_RETAIN_SELF = YES;
				CLANG_WARN_OBJC_LITERAL_CONVERSION = YES;
				CLANG_WARN_OBJC_ROOT_CLASS = YES_ERROR;
				CLANG_WARN_QUOTED_INCLUDE_IN_FRAMEWORK_HEADER = YES;
				CLANG_WARN_RANGE_LOOP_ANALYSIS = YES;
				CLANG_WARN_STRICT_PROTOTYPES = YES;
				CLANG_WARN_SUSPICIOUS_MOVE = YES;
				CLANG_WARN_UNGUARDED_AVAILABILITY = YES_AGGRESSIVE;
				CLANG_WARN_UNREACHABLE_CODE = YES;
				CLANG_WARN__DUPLICATE_METHOD_MATCH = YES;
				COPY_PHASE_STRIP = NO;
				DEAD_CODE_STRIPPING = YES;
				DEBUG_INFORMATION_FORMAT = "dwarf-with-dsym";
				ENABLE_APP_SANDBOX = NO;
				ENABLE_CODE_COVERAGE = NO;
				ENABLE_NS_ASSERTIONS = NO;
				ENABLE_STRICT_OBJC_MSGSEND = YES;
				ENABLE_USER_SCRIPT_SANDBOXING = NO;
				GCC_C_LANGUAGE_STANDARD = gnu11;
				GCC_NO_COMMON_BLOCKS = YES;
				GCC_WARN_64_TO_32_BIT_CONVERSION = YES;
				GCC_WARN_ABOUT_RETURN_TYPE = YES_ERROR;
				GCC_WARN_UNDECLARED_SELECTOR = YES;
				GCC_WARN_UNINITIALIZED_AUTOS = YES_AGGRESSIVE;
				GCC_WARN_UNUSED_FUNCTION = YES;
				GCC_WARN_UNUSED_VARIABLE = YES;
				IPHONEOS_DEPLOYMENT_TARGET = 17.0;
				LOCALIZATION_PREFERS_STRING_CATALOGS = YES;
				MACOSX_DEPLOYMENT_TARGET = 14.0;
				MTL_ENABLE_DEBUG_INFO = NO;
				MTL_FAST_MATH = YES;
				SDKROOT = macosx;
				SWIFT_ACTIVE_COMPILATION_CONDITIONS = ORDO_BUILDING_IN_XCODE;
				SWIFT_COMPILATION_MODE = wholemodule;
			};
			name = Release;
		};
		083F8CAB2B07A65B006048E9 /* Debug */ = {
			isa = XCBuildConfiguration;
			buildSettings = {
				ALWAYS_EMBED_SWIFT_STANDARD_LIBRARIES = YES;
				ASSETCATALOG_COMPILER_APPICON_NAME = AppIcon;
				ASSETCATALOG_COMPILER_GLOBAL_ACCENT_COLOR_NAME = AccentColor;
				CODE_SIGN_ENTITLEMENTS = BinaryTreeUI/BinaryTreeUI.entitlements;
				CODE_SIGN_STYLE = Automatic;
				COMBINE_HIDPI_IMAGES = YES;
				CURRENT_PROJECT_VERSION = 1;
				DEVELOPMENT_ASSET_PATHS = "\"BinaryTreeUI/Preview Content\"";
				ENABLE_PREVIEWS = YES;
				"EXCLUDED_ARCHS[sdk=*]" = x86_64;
				GENERATE_INFOPLIST_FILE = YES;
				INFOPLIST_KEY_NSHumanReadableCopyright = "";
				LD_RUNPATH_SEARCH_PATHS = (
					"$(inherited)",
					"@executable_path/../Frameworks",
				);
				MARKETING_VERSION = 1.0;
				PRODUCT_BUNDLE_IDENTIFIER = test.BinaryTreeUI;
				PRODUCT_NAME = "$(TARGET_NAME)";
				SUPPORTED_PLATFORMS = "iphoneos iphonesimulator macosx";
				SUPPORTS_MACCATALYST = NO;
				SWIFT_EMIT_LOC_STRINGS = YES;
				SWIFT_VERSION = 5.0;
				TARGETED_DEVICE_FAMILY = 2;
			};
			name = Debug;
		};
		083F8CAC2B07A65B006048E9 /* Release */ = {
			isa = XCBuildConfiguration;
			buildSettings = {
				ALWAYS_EMBED_SWIFT_STANDARD_LIBRARIES = YES;
				ASSETCATALOG_COMPILER_APPICON_NAME = AppIcon;
				ASSETCATALOG_COMPILER_GLOBAL_ACCENT_COLOR_NAME = AccentColor;
				CODE_SIGN_ENTITLEMENTS = BinaryTreeUI/BinaryTreeUI.entitlements;
				CODE_SIGN_STYLE = Automatic;
				COMBINE_HIDPI_IMAGES = YES;
				CURRENT_PROJECT_VERSION = 1;
				DEVELOPMENT_ASSET_PATHS = "\"BinaryTreeUI/Preview Content\"";
				ENABLE_PREVIEWS = YES;
				EXCLUDED_ARCHS = x86_64;
				GENERATE_INFOPLIST_FILE = YES;
				INFOPLIST_KEY_NSHumanReadableCopyright = "";
				LD_RUNPATH_SEARCH_PATHS = (
					"$(inherited)",
					"@executable_path/../Frameworks",
				);
				MARKETING_VERSION = 1.0;
				PRODUCT_BUNDLE_IDENTIFIER = test.BinaryTreeUI;
				PRODUCT_NAME = "$(TARGET_NAME)";
				SUPPORTED_PLATFORMS = "iphoneos iphonesimulator macosx";
				SUPPORTS_MACCATALYST = NO;
				SWIFT_EMIT_LOC_STRINGS = YES;
				SWIFT_VERSION = 5.0;
				TARGETED_DEVICE_FAMILY = 2;
			};
			name = Release;
		};
		086F74782B1A07CF00EE2DFB /* Debug */ = {
			isa = XCBuildConfiguration;
			buildSettings = {
				BUNDLE_LOADER = "$(TEST_HOST)";
				CODE_SIGN_STYLE = Automatic;
				CURRENT_PROJECT_VERSION = 1;
				ENABLE_USER_SCRIPT_SANDBOXING = YES;
				GCC_C_LANGUAGE_STANDARD = gnu17;
				GENERATE_INFOPLIST_FILE = YES;
				MARKETING_VERSION = 1.0;
				PRODUCT_BUNDLE_IDENTIFIER = test.BinaryTreeUITests;
				PRODUCT_NAME = "$(TARGET_NAME)";
				SWIFT_ACTIVE_COMPILATION_CONDITIONS = "DEBUG $(inherited)";
				SWIFT_EMIT_LOC_STRINGS = NO;
				SWIFT_VERSION = 5.0;
				TEST_HOST = "$(BUILT_PRODUCTS_DIR)/BinaryTreeUI.app/$(BUNDLE_EXECUTABLE_FOLDER_PATH)/BinaryTreeUI";
			};
			name = Debug;
		};
		086F74792B1A07CF00EE2DFB /* Release */ = {
			isa = XCBuildConfiguration;
			buildSettings = {
				BUNDLE_LOADER = "$(TEST_HOST)";
				CODE_SIGN_STYLE = Automatic;
				CURRENT_PROJECT_VERSION = 1;
				ENABLE_USER_SCRIPT_SANDBOXING = YES;
				GCC_C_LANGUAGE_STANDARD = gnu17;
				GENERATE_INFOPLIST_FILE = YES;
				MARKETING_VERSION = 1.0;
				PRODUCT_BUNDLE_IDENTIFIER = test.BinaryTreeUITests;
				PRODUCT_NAME = "$(TARGET_NAME)";
				SWIFT_EMIT_LOC_STRINGS = NO;
				SWIFT_VERSION = 5.0;
				TEST_HOST = "$(BUILT_PRODUCTS_DIR)/BinaryTreeUI.app/$(BUNDLE_EXECUTABLE_FOLDER_PATH)/BinaryTreeUI";
			};
			name = Release;
		};
		08FBE7032B0C9DBD00E9AE7A /* Debug */ = {
			isa = XCBuildConfiguration;
			buildSettings = {
				BUILD_LIBRARY_FOR_DISTRIBUTION = YES;
				CODE_SIGN_STYLE = Automatic;
				COMBINE_HIDPI_IMAGES = YES;
				CURRENT_PROJECT_VERSION = 1;
				DEFINES_MODULE = YES;
				DYLIB_COMPATIBILITY_VERSION = 1;
				DYLIB_CURRENT_VERSION = 1;
				DYLIB_INSTALL_NAME_BASE = "@rpath";
				ENABLE_MODULE_VERIFIER = YES;
				ENABLE_USER_SCRIPT_SANDBOXING = YES;
				GENERATE_INFOPLIST_FILE = YES;
				INFOPLIST_KEY_NSHumanReadableCopyright = "";
				INSTALL_PATH = "$(LOCAL_LIBRARY_DIR)/Frameworks";
				LD_RUNPATH_SEARCH_PATHS = (
					"$(inherited)",
					"@executable_path/../Frameworks",
					"@loader_path/Frameworks",
				);
				MARKETING_VERSION = 1.0;
				MODULE_VERIFIER_SUPPORTED_LANGUAGES = "objective-c objective-c++";
				MODULE_VERIFIER_SUPPORTED_LANGUAGE_STANDARDS = "gnu17 gnu++20";
				PRODUCT_BUNDLE_IDENTIFIER = test.PluginSupport;
				PRODUCT_NAME = "$(TARGET_NAME:c99extidentifier)";
				SKIP_INSTALL = YES;
				SUPPORTED_PLATFORMS = "iphoneos iphonesimulator macosx";
				SUPPORTS_MACCATALYST = NO;
				SWIFT_EMIT_LOC_STRINGS = YES;
				SWIFT_VERSION = 5.0;
				TARGETED_DEVICE_FAMILY = "1,2";
				VERSIONING_SYSTEM = "apple-generic";
				VERSION_INFO_PREFIX = "";
			};
			name = Debug;
		};
		08FBE7042B0C9DBD00E9AE7A /* Release */ = {
			isa = XCBuildConfiguration;
			buildSettings = {
				BUILD_LIBRARY_FOR_DISTRIBUTION = YES;
				CODE_SIGN_STYLE = Automatic;
				COMBINE_HIDPI_IMAGES = YES;
				CURRENT_PROJECT_VERSION = 1;
				DEFINES_MODULE = YES;
				DYLIB_COMPATIBILITY_VERSION = 1;
				DYLIB_CURRENT_VERSION = 1;
				DYLIB_INSTALL_NAME_BASE = "@rpath";
				ENABLE_MODULE_VERIFIER = YES;
				ENABLE_USER_SCRIPT_SANDBOXING = YES;
				GENERATE_INFOPLIST_FILE = YES;
				INFOPLIST_KEY_NSHumanReadableCopyright = "";
				INSTALL_PATH = "$(LOCAL_LIBRARY_DIR)/Frameworks";
				LD_RUNPATH_SEARCH_PATHS = (
					"$(inherited)",
					"@executable_path/../Frameworks",
					"@loader_path/Frameworks",
				);
				MARKETING_VERSION = 1.0;
				MODULE_VERIFIER_SUPPORTED_LANGUAGES = "objective-c objective-c++";
				MODULE_VERIFIER_SUPPORTED_LANGUAGE_STANDARDS = "gnu17 gnu++20";
				ONLY_ACTIVE_ARCH = YES;
				PRODUCT_BUNDLE_IDENTIFIER = test.PluginSupport;
				PRODUCT_NAME = "$(TARGET_NAME:c99extidentifier)";
				SKIP_INSTALL = YES;
				SUPPORTED_PLATFORMS = "iphoneos iphonesimulator macosx";
				SUPPORTS_MACCATALYST = NO;
				SWIFT_EMIT_LOC_STRINGS = YES;
				SWIFT_VERSION = 5.0;
				TARGETED_DEVICE_FAMILY = "1,2";
				VERSIONING_SYSTEM = "apple-generic";
				VERSION_INFO_PREFIX = "";
			};
			name = Release;
		};
/* End XCBuildConfiguration section */

/* Begin XCConfigurationList section */
		083F8C962B07A65A006048E9 /* Build configuration list for PBXProject "BinaryTreeUI" */ = {
			isa = XCConfigurationList;
			buildConfigurations = (
				083F8CA82B07A65B006048E9 /* Debug */,
				083F8CA92B07A65B006048E9 /* Release */,
			);
			defaultConfigurationIsVisible = 0;
			defaultConfigurationName = Release;
		};
		083F8CAA2B07A65B006048E9 /* Build configuration list for PBXNativeTarget "BinaryTreeUI" */ = {
			isa = XCConfigurationList;
			buildConfigurations = (
				083F8CAB2B07A65B006048E9 /* Debug */,
				083F8CAC2B07A65B006048E9 /* Release */,
			);
			defaultConfigurationIsVisible = 0;
			defaultConfigurationName = Release;
		};
		086F74772B1A07CF00EE2DFB /* Build configuration list for PBXNativeTarget "BinaryTreeUITests" */ = {
			isa = XCConfigurationList;
			buildConfigurations = (
				086F74782B1A07CF00EE2DFB /* Debug */,
				086F74792B1A07CF00EE2DFB /* Release */,
			);
			defaultConfigurationIsVisible = 0;
			defaultConfigurationName = Release;
		};
		08FBE7022B0C9DBD00E9AE7A /* Build configuration list for PBXNativeTarget "PluginSupport" */ = {
			isa = XCConfigurationList;
			buildConfigurations = (
				08FBE7032B0C9DBD00E9AE7A /* Debug */,
				08FBE7042B0C9DBD00E9AE7A /* Release */,
			);
			defaultConfigurationIsVisible = 0;
			defaultConfigurationName = Release;
		};
/* End XCConfigurationList section */

/* Begin XCRemoteSwiftPackageReference section */
		08FBE7092B0C9E3900E9AE7A /* XCRemoteSwiftPackageReference "zstd" */ = {
			isa = XCRemoteSwiftPackageReference;
			repositoryURL = "https://github.com/facebook/zstd";
			requirement = {
				branch = dev;
				kind = branch;
			};
		};
		08FBE70C2B0CA40E00E9AE7A /* XCRemoteSwiftPackageReference "package-frostflake" */ = {
			isa = XCRemoteSwiftPackageReference;
			repositoryURL = "https://github.com/ordo-one/package-frostflake.git";
			requirement = {
				kind = upToNextMajorVersion;
				minimumVersion = 3.0.0;
			};
		};
/* End XCRemoteSwiftPackageReference section */

/* Begin XCSwiftPackageProductDependency section */
		08FBE70A2B0C9E3900E9AE7A /* libzstd */ = {
			isa = XCSwiftPackageProductDependency;
			package = 08FBE7092B0C9E3900E9AE7A /* XCRemoteSwiftPackageReference "zstd" */;
			productName = libzstd;
		};
		08FBE70D2B0CA40E00E9AE7A /* Frostflake */ = {
			isa = XCSwiftPackageProductDependency;
			package = 08FBE70C2B0CA40E00E9AE7A /* XCRemoteSwiftPackageReference "package-frostflake" */;
			productName = Frostflake;
		};
/* End XCSwiftPackageProductDependency section */
	};
	rootObject = 083F8C932B07A65A006048E9 /* Project object */;
}
